{
  "name": "english-homework-proxy",
  "version": "1.0.0",
  "lockfileVersion": 1,
  "dependencies": {
    "express": {
      "version": "4.17.1",
      "resolved": "https://registry.npmjs.org/express/-/express-4.17.1.tgz",
      "integrity": "sha512-Rvf3+rm9nlFj+I3UlhmY+YjvVRwYzp0cceDabI0mbxzCZBkBjsF2GF7zlgVhr0czBaq2cONJ3lfg4g9we6gqxg==",
      "dev": true
    },
    "node-fetch": {
      "version": "2.6.7",
      "resolved": "https://registry.npmjs.org/node-fetch/-/node-fetch-2.6.7.tgz",
      "integrity": "sha512-3t5hK7rcIhMgFz1zB0m3o01PuvPzxUbIkh8s8QLw44nuw9M8Oa0OgojkaSHjI+d+l59acI7H1W51l6D5wEo28g==",
      "dev": true
    },
    "cors": {
      "version": "2.8.5",
      "resolved": "https://registry.npmjs.org/cors/-/cors-2.8.5.tgz",
      "integrity": "sha512-2oeHYU1ylUOCBaVBBQHGXkBk0bo5Fu0UJ2vqu4rYMYd7qJwxe1z8ksVpyMu7rG3wI1Wc5zqZ7qqjz3M+Tj1HfQg==",
      "dev": true
    }
  }
}
